Microsoft Visual Studio Solution File, Format Version 12.00
# Visual Studio Version 17
VisualStudioVersion = 17.0.31903.59
MinimumVisualStudioVersion = 10.0.40219.1
Project("{FAE04EC0-301F-11D3-BF4B-00C04F79EFBC}") = "Booking.Api", "src/Booking.Api/Booking.Api.csproj", "{6ECF8BD4-0001-4A92-8A30-000000000001}"
EndProject
Project("{FAE04EC0-301F-11D3-BF4B-00C04F79EFBC}") = "Booking.Application", "src/Booking.Application/Booking.Application.csproj", "{6ECF8BD4-0002-4A92-8A30-000000000002}"
EndProject
Project("{FAE04EC0-301F-11D3-BF4B-00C04F79EFBC}") = "Booking.Domain", "src/Booking.Domain/Booking.Domain.csproj", "{6ECF8BD4-0003-4A92-8A30-000000000003}"
EndProject
Project("{FAE04EC0-301F-11D3-BF4B-00C04F79EFBC}") = "Booking.Infrastructure", "src/Booking.Infrastructure/Booking.Infrastructure.csproj", "{6ECF8BD4-0004-4A92-8A30-000000000004}"
EndProject
Project("{FAE04EC0-301F-11D3-BF4B-00C04F79EFBC}") = "Booking.Api.IntegrationTests", "tests/Booking.Api.IntegrationTests/Booking.Api.IntegrationTests.csproj", "{6ECF8BD4-0005-4A92-8A30-000000000005}"
EndProject
Global
	GlobalSection(SolutionConfigurationPlatforms) = preSolution
		Debug|Any CPU = Debug|Any CPU
		Release|Any CPU = Release|Any CPU
	EndGlobalSection
	GlobalSection(ProjectConfigurationPlatforms) = postSolution
		{6ECF8BD4-0001-4A92-8A30-000000000001}.Debug|Any CPU.ActiveCfg = Debug|Any CPU
		{6ECF8BD4-0001-4A92-8A30-000000000001}.Debug|Any CPU.Build.0 = Debug|Any CPU
		{6ECF8BD4-0001-4A92-8A30-000000000001}.Release|Any CPU.ActiveCfg = Release|Any CPU
		{6ECF8BD4-0001-4A92-8A30-000000000001}.Release|Any CPU.Build.0 = Release|Any CPU
		{6ECF8BD4-0002-4A92-8A30-000000000002}.Debug|Any CPU.ActiveCfg = Debug|Any CPU
		{6ECF8BD4-0002-4A92-8A30-000000000002}.Debug|Any CPU.Build.0 = Debug|Any CPU
		{6ECF8BD4-0002-4A92-8A30-000000000002}.Release|Any CPU.ActiveCfg = Release|Any CPU
		{6ECF8BD4-0002-4A92-8A30-000000000002}.Release|Any CPU.Build.0 = Release|Any CPU
		{6ECF8BD4-0003-4A92-8A30-000000000003}.Debug|Any CPU.ActiveCfg = Debug|Any CPU
		{6ECF8BD4-0003-4A92-8A30-000000000003}.Debug|Any CPU.Build.0 = Debug|Any CPU
		{6ECF8BD4-0003-4A92-8A30-000000000003}.Release|Any CPU.ActiveCfg = Release|Any CPU
		{6ECF8BD4-0003-4A92-8A30-000000000003}.Release|Any CPU.Build.0 = Release|Any CPU
		{6ECF8BD4-0004-4A92-8A30-000000000004}.Debug|Any CPU.ActiveCfg = Debug|Any CPU
		{6ECF8BD4-0004-4A92-8A30-000000000004}.Debug|Any CPU.Build.0 = Debug|Any CPU
		{6ECF8BD4-0004-4A92-8A30-000000000004}.Release|Any CPU.ActiveCfg = Release|Any CPU
		{6ECF8BD4-0004-4A92-8A30-000000000004}.Release|Any CPU.Build.0 = Release|Any CPU
		{6ECF8BD4-0005-4A92-8A30-000000000005}.Debug|Any CPU.ActiveCfg = Debug|Any CPU
		{6ECF8BD4-0005-4A92-8A30-000000000005}.Debug|Any CPU.Build.0 = Debug|Any CPU
		{6ECF8BD4-0005-4A92-8A30-000000000005}.Release|Any CPU.ActiveCfg = Release|Any CPU
		{6ECF8BD4-0005-4A92-8A30-000000000005}.Release|Any CPU.Build.0 = Release|Any CPU
	EndGlobalSection
	GlobalSection(SolutionProperties) = preSolution
		HideSolutionNode = FALSE
	EndGlobalSection
EndGlobal